{
  "name": "sortable-formsets",
  "version": "1.0.0",
  "lockfileVersion": 1,
  "requires": true,
  "dependencies": {
    "@types/mustache": {
      "version": "0.8.32",
      "resolved": "https://registry.npmjs.org/@types/mustache/-/mustache-0.8.32.tgz",
      "integrity": "sha512-RTVWV485OOf4+nO2+feurk0chzHkSjkjALiejpHltyuMf/13fGymbbNNFrSKdSSUg1TIwzszXdWsVirxgqYiFA=="
    },
    "mustache": {
      "version": "3.2.0",
      "resolved": "https://registry.npmjs.org/mustache/-/mustache-3.2.0.tgz",
      "integrity": "sha512-n5de2nQ1g2iz3PO9cmq/ZZx3W7glqjf0kavThtqfuNlZRllgU2a2Q0jWoQy3BloT5A6no7sjCTHBVn1rEKjx1Q=="
    },
    "typescript": {
      "version": "3.7.3",
      "resolved": "https://registry.npmjs.org/typescript/-/typescript-3.7.3.tgz",
      "integrity": "sha512-Mcr/Qk7hXqFBXMN7p7Lusj1ktCBydylfQM/FZCk5glCNQJrCUKPkMHdo9R0MTFWsC/4kPFvDS0fDPvukfCkFsw==",
      "dev": true
    }
  }
}
